
Microsoft Visual Studio Solution File, Format Version 12.00
# Visual Studio Version 17
VisualStudioVersion = 17.9.34902.65
MinimumVisualStudioVersion = 10.0.40219.1
Project("{9A19103F-16F7-4668-BE54-9A1E7A4F7556}") = "Server", "backend\Server\Server.csproj", "{5A5D5D09-7FB9-4478-AE3D-A37712328F8D}"
EndProject
Project("{9A19103F-16F7-4668-BE54-9A1E7A4F7556}") = "ExternalData", "backend\ExternalData\ExternalData.csproj", "{C461B8C3-A2DC-4B47-BCA8-972BA9EFCA60}"
EndProject
Project("{9A19103F-16F7-4668-BE54-9A1E7A4F7556}") = "Test", "Test\Test.csproj", "{1D43A3F4-1DCB-4F21-9910-4B0106364DCA}"
EndProject
Project("{9A19103F-16F7-4668-BE54-9A1E7A4F7556}") = "Data", "Data\Data.csproj", "{54F1E929-CEAF-472D-ADBB-65866BF5CFED}"
EndProject
Project("{9A19103F-16F7-4668-BE54-9A1E7A4F7556}") = "Mobile", "Mobile\Mobile.csproj", "{83EB9FFF-54EA-4D6A-9E0D-4A60171D725B}"
EndProject
Project("{9A19103F-16F7-4668-BE54-9A1E7A4F7556}") = "Web", "Web\Web.csproj", "{B7694094-24E0-461F-85A1-2797322E0B53}"
EndProject
Project("{9A19103F-16F7-4668-BE54-9A1E7A4F7556}") = "UI", "UI\UI.csproj", "{8650465A-E651-41D7-9E64-4DA833DFAA2A}"
EndProject
Project("{2150E333-8FDC-42A3-9474-1A3956D46DE8}") = "Solution Items", "Solution Items", "{31C42451-1554-4232-8EAF-79969A9C6FD4}"
	ProjectSection(SolutionItems) = preProject
		.editorconfig = .editorconfig
	EndProjectSection
EndProject
Global
	GlobalSection(SolutionConfigurationPlatforms) = preSolution
		Debug|Any CPU = Debug|Any CPU
		Debug|ARM = Debug|ARM
		Debug|ARM64 = Debug|ARM64
		Debug|x64 = Debug|x64
		Debug|x86 = Debug|x86
		Release|Any CPU = Release|Any CPU
		Release|ARM = Release|ARM
		Release|ARM64 = Release|ARM64
		Release|x64 = Release|x64
		Release|x86 = Release|x86
	EndGlobalSection
	GlobalSection(ProjectConfigurationPlatforms) = postSolution
		{5A5D5D09-7FB9-4478-AE3D-A37712328F8D}.Debug|Any CPU.ActiveCfg = Debug|Any CPU
		{5A5D5D09-7FB9-4478-AE3D-A37712328F8D}.Debug|Any CPU.Build.0 = Debug|Any CPU
		{5A5D5D09-7FB9-4478-AE3D-A37712328F8D}.Debug|ARM.ActiveCfg = Debug|Any CPU
		{5A5D5D09-7FB9-4478-AE3D-A37712328F8D}.Debug|ARM.Build.0 = Debug|Any CPU
		{5A5D5D09-7FB9-4478-AE3D-A37712328F8D}.Debug|ARM64.ActiveCfg = Debug|Any CPU
		{5A5D5D09-7FB9-4478-AE3D-A37712328F8D}.Debug|ARM64.Build.0 = Debug|Any CPU
		{5A5D5D09-7FB9-4478-AE3D-A37712328F8D}.Debug|x64.ActiveCfg = Debug|Any CPU
		{5A5D5D09-7FB9-4478-AE3D-A37712328F8D}.Debug|x64.Build.0 = Debug|Any CPU
		{5A5D5D09-7FB9-4478-AE3D-A37712328F8D}.Debug|x86.ActiveCfg = Debug|Any CPU
		{5A5D5D09-7FB9-4478-AE3D-A37712328F8D}.Debug|x86.Build.0 = Debug|Any CPU
		{5A5D5D09-7FB9-4478-AE3D-A37712328F8D}.Release|Any CPU.ActiveCfg = Release|Any CPU
		{5A5D5D09-7FB9-4478-AE3D-A37712328F8D}.Release|Any CPU.Build.0 = Release|Any CPU
		{5A5D5D09-7FB9-4478-AE3D-A37712328F8D}.Release|ARM.ActiveCfg = Release|Any CPU
		{5A5D5D09-7FB9-4478-AE3D-A37712328F8D}.Release|ARM.Build.0 = Release|Any CPU
		{5A5D5D09-7FB9-4478-AE3D-A37712328F8D}.Release|ARM64.ActiveCfg = Release|Any CPU
		{5A5D5D09-7FB9-4478-AE3D-A37712328F8D}.Release|ARM64.Build.0 = Release|Any CPU
		{5A5D5D09-7FB9-4478-AE3D-A37712328F8D}.Release|x64.ActiveCfg = Release|Any CPU
		{5A5D5D09-7FB9-4478-AE3D-A37712328F8D}.Release|x64.Build.0 = Release|Any CPU
		{5A5D5D09-7FB9-4478-AE3D-A37712328F8D}.Release|x86.ActiveCfg = Release|Any CPU
		{5A5D5D09-7FB9-4478-AE3D-A37712328F8D}.Release|x86.Build.0 = Release|Any CPU
		{C461B8C3-A2DC-4B47-BCA8-972BA9EFCA60}.Debug|Any CPU.ActiveCfg = Debug|Any CPU
		{C461B8C3-A2DC-4B47-BCA8-972BA9EFCA60}.Debug|Any CPU.Build.0 = Debug|Any CPU
		{C461B8C3-A2DC-4B47-BCA8-972BA9EFCA60}.Debug|ARM.ActiveCfg = Debug|Any CPU
		{C461B8C3-A2DC-4B47-BCA8-972BA9EFCA60}.Debug|ARM.Build.0 = Debug|Any CPU
		{C461B8C3-A2DC-4B47-BCA8-972BA9EFCA60}.Debug|ARM64.ActiveCfg = Debug|Any CPU
		{C461B8C3-A2DC-4B47-BCA8-972BA9EFCA60}.Debug|ARM64.Build.0 = Debug|Any CPU
		{C461B8C3-A2DC-4B47-BCA8-972BA9EFCA60}.Debug|x64.ActiveCfg = Debug|Any CPU
		{C461B8C3-A2DC-4B47-BCA8-972BA9EFCA60}.Debug|x64.Build.0 = Debug|Any CPU
		{C461B8C3-A2DC-4B47-BCA8-972BA9EFCA60}.Debug|x86.ActiveCfg = Debug|Any CPU
		{C461B8C3-A2DC-4B47-BCA8-972BA9EFCA60}.Debug|x86.Build.0 = Debug|Any CPU
		{C461B8C3-A2DC-4B47-BCA8-972BA9EFCA60}.Release|Any CPU.ActiveCfg = Release|Any CPU
		{C461B8C3-A2DC-4B47-BCA8-972BA9EFCA60}.Release|Any CPU.Build.0 = Release|Any CPU
		{C461B8C3-A2DC-4B47-BCA8-972BA9EFCA60}.Release|ARM.ActiveCfg = Release|Any CPU
		{C461B8C3-A2DC-4B47-BCA8-972BA9EFCA60}.Release|ARM.Build.0 = Release|Any CPU
		{C461B8C3-A2DC-4B47-BCA8-972BA9EFCA60}.Release|ARM64.ActiveCfg = Release|Any CPU
		{C461B8C3-A2DC-4B47-BCA8-972BA9EFCA60}.Release|ARM64.Build.0 = Release|Any CPU
		{C461B8C3-A2DC-4B47-BCA8-972BA9EFCA60}.Release|x64.ActiveCfg = Release|Any CPU
		{C461B8C3-A2DC-4B47-BCA8-972BA9EFCA60}.Release|x64.Build.0 = Release|Any CPU
		{C461B8C3-A2DC-4B47-BCA8-972BA9EFCA60}.Release|x86.ActiveCfg = Release|Any CPU
		{C461B8C3-A2DC-4B47-BCA8-972BA9EFCA60}.Release|x86.Build.0 = Release|Any CPU
		{1D43A3F4-1DCB-4F21-9910-4B0106364DCA}.Debug|Any CPU.ActiveCfg = Debug|Any CPU
		{1D43A3F4-1DCB-4F21-9910-4B0106364DCA}.Debug|Any CPU.Build.0 = Debug|Any CPU
		{1D43A3F4-1DCB-4F21-9910-4B0106364DCA}.Debug|ARM.ActiveCfg = Debug|Any CPU
		{1D43A3F4-1DCB-4F21-9910-4B0106364DCA}.Debug|ARM.Build.0 = Debug|Any CPU
		{1D43A3F4-1DCB-4F21-9910-4B0106364DCA}.Debug|ARM64.ActiveCfg = Debug|Any CPU
		{1D43A3F4-1DCB-4F21-9910-4B0106364DCA}.Debug|ARM64.Build.0 = Debug|Any CPU
		{1D43A3F4-1DCB-4F21-9910-4B0106364DCA}.Debug|x64.ActiveCfg = Debug|Any CPU
		{1D43A3F4-1DCB-4F21-9910-4B0106364DCA}.Debug|x64.Build.0 = Debug|Any CPU
		{1D43A3F4-1DCB-4F21-9910-4B0106364DCA}.Debug|x86.ActiveCfg = Debug|Any CPU
		{1D43A3F4-1DCB-4F21-9910-4B0106364DCA}.Debug|x86.Build.0 = Debug|Any CPU
		{1D43A3F4-1DCB-4F21-9910-4B0106364DCA}.Release|Any CPU.ActiveCfg = Release|Any CPU
		{1D43A3F4-1DCB-4F21-9910-4B0106364DCA}.Release|Any CPU.Build.0 = Release|Any CPU
		{1D43A3F4-1DCB-4F21-9910-4B0106364DCA}.Release|ARM.ActiveCfg = Release|Any CPU
		{1D43A3F4-1DCB-4F21-9910-4B0106364DCA}.Release|ARM.Build.0 = Release|Any CPU
		{1D43A3F4-1DCB-4F21-9910-4B0106364DCA}.Release|ARM64.ActiveCfg = Release|Any CPU
		{1D43A3F4-1DCB-4F21-9910-4B0106364DCA}.Release|ARM64.Build.0 = Release|Any CPU
		{1D43A3F4-1DCB-4F21-9910-4B0106364DCA}.Release|x64.ActiveCfg = Release|Any CPU
		{1D43A3F4-1DCB-4F21-9910-4B0106364DCA}.Release|x64.Build.0 = Release|Any CPU
		{1D43A3F4-1DCB-4F21-9910-4B0106364DCA}.Release|x86.ActiveCfg = Release|Any CPU
		{1D43A3F4-1DCB-4F21-9910-4B0106364DCA}.Release|x86.Build.0 = Release|Any CPU
		{54F1E929-CEAF-472D-ADBB-65866BF5CFED}.Debug|Any CPU.ActiveCfg = Debug|Any CPU
		{54F1E929-CEAF-472D-ADBB-65866BF5CFED}.Debug|Any CPU.Build.0 = Debug|Any CPU
		{54F1E929-CEAF-472D-ADBB-65866BF5CFED}.Debug|ARM.ActiveCfg = Debug|Any CPU
		{54F1E929-CEAF-472D-ADBB-65866BF5CFED}.Debug|ARM.Build.0 = Debug|Any CPU
		{54F1E929-CEAF-472D-ADBB-65866BF5CFED}.Debug|ARM64.ActiveCfg = Debug|Any CPU
		{54F1E929-CEAF-472D-ADBB-65866BF5CFED}.Debug|ARM64.Build.0 = Debug|Any CPU
		{54F1E929-CEAF-472D-ADBB-65866BF5CFED}.Debug|x64.ActiveCfg = Debug|Any CPU
		{54F1E929-CEAF-472D-ADBB-65866BF5CFED}.Debug|x64.Build.0 = Debug|Any CPU
		{54F1E929-CEAF-472D-ADBB-65866BF5CFED}.Debug|x86.ActiveCfg = Debug|Any CPU
		{54F1E929-CEAF-472D-ADBB-65866BF5CFED}.Debug|x86.Build.0 = Debug|Any CPU
		{54F1E929-CEAF-472D-ADBB-65866BF5CFED}.Release|Any CPU.ActiveCfg = Release|Any CPU
		{54F1E929-CEAF-472D-ADBB-65866BF5CFED}.Release|Any CPU.Build.0 = Release|Any CPU
		{54F1E929-CEAF-472D-ADBB-65866BF5CFED}.Release|ARM.ActiveCfg = Release|Any CPU
		{54F1E929-CEAF-472D-ADBB-65866BF5CFED}.Release|ARM.Build.0 = Release|Any CPU
		{54F1E929-CEAF-472D-ADBB-65866BF5CFED}.Release|ARM64.ActiveCfg = Release|Any CPU
		{54F1E929-CEAF-472D-ADBB-65866BF5CFED}.Release|ARM64.Build.0 = Release|Any CPU
		{54F1E929-CEAF-472D-ADBB-65866BF5CFED}.Release|x64.ActiveCfg = Release|Any CPU
		{54F1E929-CEAF-472D-ADBB-65866BF5CFED}.Release|x64.Build.0 = Release|Any CPU
		{54F1E929-CEAF-472D-ADBB-65866BF5CFED}.Release|x86.ActiveCfg = Release|Any CPU
		{54F1E929-CEAF-472D-ADBB-65866BF5CFED}.Release|x86.Build.0 = Release|Any CPU
		{83EB9FFF-54EA-4D6A-9E0D-4A60171D725B}.Debug|Any CPU.ActiveCfg = Debug|Any CPU
		{83EB9FFF-54EA-4D6A-9E0D-4A60171D725B}.Debug|Any CPU.Build.0 = Debug|Any CPU
		{83EB9FFF-54EA-4D6A-9E0D-4A60171D725B}.Debug|Any CPU.Deploy.0 = Debug|Any CPU
		{83EB9FFF-54EA-4D6A-9E0D-4A60171D725B}.Debug|ARM.ActiveCfg = Debug|Any CPU
		{83EB9FFF-54EA-4D6A-9E0D-4A60171D725B}.Debug|ARM.Build.0 = Debug|Any CPU
		{83EB9FFF-54EA-4D6A-9E0D-4A60171D725B}.Debug|ARM.Deploy.0 = Debug|Any CPU
		{83EB9FFF-54EA-4D6A-9E0D-4A60171D725B}.Debug|ARM64.ActiveCfg = Debug|Any CPU
		{83EB9FFF-54EA-4D6A-9E0D-4A60171D725B}.Debug|ARM64.Build.0 = Debug|Any CPU
		{83EB9FFF-54EA-4D6A-9E0D-4A60171D725B}.Debug|ARM64.Deploy.0 = Debug|Any CPU
		{83EB9FFF-54EA-4D6A-9E0D-4A60171D725B}.Debug|x64.ActiveCfg = Debug|Any CPU
		{83EB9FFF-54EA-4D6A-9E0D-4A60171D725B}.Debug|x64.Build.0 = Debug|Any CPU
		{83EB9FFF-54EA-4D6A-9E0D-4A60171D725B}.Debug|x64.Deploy.0 = Debug|Any CPU
		{83EB9FFF-54EA-4D6A-9E0D-4A60171D725B}.Debug|x86.ActiveCfg = Debug|Any CPU
		{83EB9FFF-54EA-4D6A-9E0D-4A60171D725B}.Debug|x86.Build.0 = Debug|Any CPU
		{83EB9FFF-54EA-4D6A-9E0D-4A60171D725B}.Debug|x86.Deploy.0 = Debug|Any CPU
		{83EB9FFF-54EA-4D6A-9E0D-4A60171D725B}.Release|Any CPU.ActiveCfg = Release|Any CPU
		{83EB9FFF-54EA-4D6A-9E0D-4A60171D725B}.Release|Any CPU.Build.0 = Release|Any CPU
		{83EB9FFF-54EA-4D6A-9E0D-4A60171D725B}.Release|Any CPU.Deploy.0 = Release|Any CPU
		{83EB9FFF-54EA-4D6A-9E0D-4A60171D725B}.Release|ARM.ActiveCfg = Release|Any CPU
		{83EB9FFF-54EA-4D6A-9E0D-4A60171D725B}.Release|ARM.Build.0 = Release|Any CPU
		{83EB9FFF-54EA-4D6A-9E0D-4A60171D725B}.Release|ARM.Deploy.0 = Release|Any CPU
		{83EB9FFF-54EA-4D6A-9E0D-4A60171D725B}.Release|ARM64.ActiveCfg = Release|Any CPU
		{83EB9FFF-54EA-4D6A-9E0D-4A60171D725B}.Release|ARM64.Build.0 = Release|Any CPU
		{83EB9FFF-54EA-4D6A-9E0D-4A60171D725B}.Release|ARM64.Deploy.0 = Release|Any CPU
		{83EB9FFF-54EA-4D6A-9E0D-4A60171D725B}.Release|x64.ActiveCfg = Release|Any CPU
		{83EB9FFF-54EA-4D6A-9E0D-4A60171D725B}.Release|x64.Build.0 = Release|Any CPU
		{83EB9FFF-54EA-4D6A-9E0D-4A60171D725B}.Release|x64.Deploy.0 = Release|Any CPU
		{83EB9FFF-54EA-4D6A-9E0D-4A60171D725B}.Release|x86.ActiveCfg = Release|Any CPU
		{83EB9FFF-54EA-4D6A-9E0D-4A60171D725B}.Release|x86.Build.0 = Release|Any CPU
		{83EB9FFF-54EA-4D6A-9E0D-4A60171D725B}.Release|x86.Deploy.0 = Release|Any CPU
		{B7694094-24E0-461F-85A1-2797322E0B53}.Debug|Any CPU.ActiveCfg = Debug|Any CPU
		{B7694094-24E0-461F-85A1-2797322E0B53}.Debug|Any CPU.Build.0 = Debug|Any CPU
		{B7694094-24E0-461F-85A1-2797322E0B53}.Debug|ARM.ActiveCfg = Debug|Any CPU
		{B7694094-24E0-461F-85A1-2797322E0B53}.Debug|ARM.Build.0 = Debug|Any CPU
		{B7694094-24E0-461F-85A1-2797322E0B53}.Debug|ARM64.ActiveCfg = Debug|Any CPU
		{B7694094-24E0-461F-85A1-2797322E0B53}.Debug|ARM64.Build.0 = Debug|Any CPU
		{B7694094-24E0-461F-85A1-2797322E0B53}.Debug|x64.ActiveCfg = Debug|Any CPU
		{B7694094-24E0-461F-85A1-2797322E0B53}.Debug|x64.Build.0 = Debug|Any CPU
		{B7694094-24E0-461F-85A1-2797322E0B53}.Debug|x86.ActiveCfg = Debug|Any CPU
		{B7694094-24E0-461F-85A1-2797322E0B53}.Debug|x86.Build.0 = Debug|Any CPU
		{B7694094-24E0-461F-85A1-2797322E0B53}.Release|Any CPU.ActiveCfg = Release|Any CPU
		{B7694094-24E0-461F-85A1-2797322E0B53}.Release|Any CPU.Build.0 = Release|Any CPU
		{B7694094-24E0-461F-85A1-2797322E0B53}.Release|ARM.ActiveCfg = Release|Any CPU
		{B7694094-24E0-461F-85A1-2797322E0B53}.Release|ARM.Build.0 = Release|Any CPU
		{B7694094-24E0-461F-85A1-2797322E0B53}.Release|ARM64.ActiveCfg = Release|Any CPU
		{B7694094-24E0-461F-85A1-2797322E0B53}.Release|ARM64.Build.0 = Release|Any CPU
		{B7694094-24E0-461F-85A1-2797322E0B53}.Release|x64.ActiveCfg = Release|Any CPU
		{B7694094-24E0-461F-85A1-2797322E0B53}.Release|x64.Build.0 = Release|Any CPU
		{B7694094-24E0-461F-85A1-2797322E0B53}.Release|x86.ActiveCfg = Release|Any CPU
		{B7694094-24E0-461F-85A1-2797322E0B53}.Release|x86.Build.0 = Release|Any CPU
		{8650465A-E651-41D7-9E64-4DA833DFAA2A}.Debug|Any CPU.ActiveCfg = Debug|Any CPU
		{8650465A-E651-41D7-9E64-4DA833DFAA2A}.Debug|Any CPU.Build.0 = Debug|Any CPU
		{8650465A-E651-41D7-9E64-4DA833DFAA2A}.Debug|ARM.ActiveCfg = Debug|Any CPU
		{8650465A-E651-41D7-9E64-4DA833DFAA2A}.Debug|ARM.Build.0 = Debug|Any CPU
		{8650465A-E651-41D7-9E64-4DA833DFAA2A}.Debug|ARM64.ActiveCfg = Debug|Any CPU
		{8650465A-E651-41D7-9E64-4DA833DFAA2A}.Debug|ARM64.Build.0 = Debug|Any CPU
		{8650465A-E651-41D7-9E64-4DA833DFAA2A}.Debug|x64.ActiveCfg = Debug|Any CPU
		{8650465A-E651-41D7-9E64-4DA833DFAA2A}.Debug|x64.Build.0 = Debug|Any CPU
		{8650465A-E651-41D7-9E64-4DA833DFAA2A}.Debug|x86.ActiveCfg = Debug|Any CPU
		{8650465A-E651-41D7-9E64-4DA833DFAA2A}.Debug|x86.Build.0 = Debug|Any CPU
		{8650465A-E651-41D7-9E64-4DA833DFAA2A}.Release|Any CPU.ActiveCfg = Release|Any CPU
		{8650465A-E651-41D7-9E64-4DA833DFAA2A}.Release|Any CPU.Build.0 = Release|Any CPU
		{8650465A-E651-41D7-9E64-4DA833DFAA2A}.Release|ARM.ActiveCfg = Release|Any CPU
		{8650465A-E651-41D7-9E64-4DA833DFAA2A}.Release|ARM.Build.0 = Release|Any CPU
		{8650465A-E651-41D7-9E64-4DA833DFAA2A}.Release|ARM64.ActiveCfg = Release|Any CPU
		{8650465A-E651-41D7-9E64-4DA833DFAA2A}.Release|ARM64.Build.0 = Release|Any CPU
		{8650465A-E651-41D7-9E64-4DA833DFAA2A}.Release|x64.ActiveCfg = Release|Any CPU
		{8650465A-E651-41D7-9E64-4DA833DFAA2A}.Release|x64.Build.0 = Release|Any CPU
		{8650465A-E651-41D7-9E64-4DA833DFAA2A}.Release|x86.ActiveCfg = Release|Any CPU
		{8650465A-E651-41D7-9E64-4DA833DFAA2A}.Release|x86.Build.0 = Release|Any CPU
	EndGlobalSection
	GlobalSection(SolutionProperties) = preSolution
		HideSolutionNode = FALSE
	EndGlobalSection
	GlobalSection(ExtensibilityGlobals) = postSolution
		SolutionGuid = {170FBE81-4047-4FFE-8C62-EFE7F17B11F2}
	EndGlobalSection
EndGlobal
