
Microsoft Visual Studio Solution File, Format Version 12.00
# Visual Studio Version 17
VisualStudioVersion = 17.9.34902.65
MinimumVisualStudioVersion = 10.0.40219.1
Project("{FAE04EC0-301F-11D3-BF4B-00C04F79EFBC}") = "backend\pokelibrary.Server", "backend\pokelibrary.Server\pokelibrary.Server.csproj", "{5A5D5D09-7FB9-4478-AE3D-A37712328F8D}"
EndProject
Project("{54A90642-561A-4BB1-A94E-469ADEE60C69}") = "frontend\pokelibrary.client", "frontend\pokelibrary.client\pokelibrary.client.esproj", "{5922AEF5-072F-43D9-B21E-AB448B23E7B4}"
EndProject
Project("{FAE04EC0-301F-11D3-BF4B-00C04F79EFBC}") = "backend\pokelibrary.data", "backend\pokelibrary.data\pokelibrary.data.csproj", "{C461B8C3-A2DC-4B47-BCA8-972BA9EFCA60}"
EndProject
Project("{FAE04EC0-301F-11D3-BF4B-00C04F79EFBC}") = "backend\pokelibrary.test", "backend\pokelibrary.test\pokelibrary.test.csproj", "{1D43A3F4-1DCB-4F21-9910-4B0106364DCA}"
EndProject
Global
	GlobalSection(SolutionConfigurationPlatforms) = preSolution
		Debug|Any CPU = Debug|Any CPU
		Release|Any CPU = Release|Any CPU
	EndGlobalSection
	GlobalSection(ProjectConfigurationPlatforms) = postSolution
		{5A5D5D09-7FB9-4478-AE3D-A37712328F8D}.Debug|Any CPU.ActiveCfg = Debug|Any CPU
		{5A5D5D09-7FB9-4478-AE3D-A37712328F8D}.Debug|Any CPU.Build.0 = Debug|Any CPU
		{5A5D5D09-7FB9-4478-AE3D-A37712328F8D}.Release|Any CPU.ActiveCfg = Release|Any CPU
		{5A5D5D09-7FB9-4478-AE3D-A37712328F8D}.Release|Any CPU.Build.0 = Release|Any CPU
		{5922AEF5-072F-43D9-B21E-AB448B23E7B4}.Debug|Any CPU.ActiveCfg = Debug|Any CPU
		{5922AEF5-072F-43D9-B21E-AB448B23E7B4}.Debug|Any CPU.Build.0 = Debug|Any CPU
		{5922AEF5-072F-43D9-B21E-AB448B23E7B4}.Debug|Any CPU.Deploy.0 = Debug|Any CPU
		{5922AEF5-072F-43D9-B21E-AB448B23E7B4}.Release|Any CPU.ActiveCfg = Release|Any CPU
		{5922AEF5-072F-43D9-B21E-AB448B23E7B4}.Release|Any CPU.Build.0 = Release|Any CPU
		{5922AEF5-072F-43D9-B21E-AB448B23E7B4}.Release|Any CPU.Deploy.0 = Release|Any CPU
		{C461B8C3-A2DC-4B47-BCA8-972BA9EFCA60}.Debug|Any CPU.ActiveCfg = Debug|Any CPU
		{C461B8C3-A2DC-4B47-BCA8-972BA9EFCA60}.Debug|Any CPU.Build.0 = Debug|Any CPU
		{C461B8C3-A2DC-4B47-BCA8-972BA9EFCA60}.Release|Any CPU.ActiveCfg = Release|Any CPU
		{C461B8C3-A2DC-4B47-BCA8-972BA9EFCA60}.Release|Any CPU.Build.0 = Release|Any CPU
		{1D43A3F4-1DCB-4F21-9910-4B0106364DCA}.Debug|Any CPU.ActiveCfg = Debug|Any CPU
		{1D43A3F4-1DCB-4F21-9910-4B0106364DCA}.Debug|Any CPU.Build.0 = Debug|Any CPU
		{1D43A3F4-1DCB-4F21-9910-4B0106364DCA}.Release|Any CPU.ActiveCfg = Release|Any CPU
		{1D43A3F4-1DCB-4F21-9910-4B0106364DCA}.Release|Any CPU.Build.0 = Release|Any CPU
	EndGlobalSection
	GlobalSection(SolutionProperties) = preSolution
		HideSolutionNode = FALSE
	EndGlobalSection
	GlobalSection(ExtensibilityGlobals) = postSolution
		SolutionGuid = {170FBE81-4047-4FFE-8C62-EFE7F17B11F2}
	EndGlobalSection
EndGlobal
